
Microsoft Visual Studio Solution File, Format Version 12.00
# Visual Studio 15
VisualStudioVersion = 15.0.26124.0
MinimumVisualStudioVersion = 15.0.26124.0
Project("{FAE04EC0-301F-11D3-BF4B-00C04F79EFBC}") = "SenseHome.DB", "SenseHome.DB\SenseHome.DB.csproj", "{AF136B51-79DD-4D73-A953-C6D698455DAC}"
EndProject
Project("{FAE04EC0-301F-11D3-BF4B-00C04F79EFBC}") = "SenseHome.Common", "SenseHome.Common\SenseHome.Common.csproj", "{BEDBA6B5-CC9D-4FA8-8841-E99FD4807062}"
EndProject
Project("{FAE04EC0-301F-11D3-BF4B-00C04F79EFBC}") = "SenseHome.DataTransferObjects", "SenseHome.DataTransferObjects\SenseHome.DataTransferObjects.csproj", "{C4D3B846-2A34-4CAC-B458-B3EF84C1D2BB}"
EndProject
Project("{FAE04EC0-301F-11D3-BF4B-00C04F79EFBC}") = "SenseHome.DomainModels", "SenseHome.DomainModels\SenseHome.DomainModels.csproj", "{C5D7B43B-9B31-4AD1-B85B-83A5AB2ADC0B}"
EndProject
Global
	GlobalSection(SolutionConfigurationPlatforms) = preSolution
		Debug|Any CPU = Debug|Any CPU
		Debug|x64 = Debug|x64
		Debug|x86 = Debug|x86
		Release|Any CPU = Release|Any CPU
		Release|x64 = Release|x64
		Release|x86 = Release|x86
	EndGlobalSection
	GlobalSection(SolutionProperties) = preSolution
		HideSolutionNode = FALSE
	EndGlobalSection
	GlobalSection(ProjectConfigurationPlatforms) = postSolution
		{AF136B51-79DD-4D73-A953-C6D698455DAC}.Debug|Any CPU.ActiveCfg = Debug|Any CPU
		{AF136B51-79DD-4D73-A953-C6D698455DAC}.Debug|Any CPU.Build.0 = Debug|Any CPU
		{AF136B51-79DD-4D73-A953-C6D698455DAC}.Debug|x64.ActiveCfg = Debug|Any CPU
		{AF136B51-79DD-4D73-A953-C6D698455DAC}.Debug|x64.Build.0 = Debug|Any CPU
		{AF136B51-79DD-4D73-A953-C6D698455DAC}.Debug|x86.ActiveCfg = Debug|Any CPU
		{AF136B51-79DD-4D73-A953-C6D698455DAC}.Debug|x86.Build.0 = Debug|Any CPU
		{AF136B51-79DD-4D73-A953-C6D698455DAC}.Release|Any CPU.ActiveCfg = Release|Any CPU
		{AF136B51-79DD-4D73-A953-C6D698455DAC}.Release|Any CPU.Build.0 = Release|Any CPU
		{AF136B51-79DD-4D73-A953-C6D698455DAC}.Release|x64.ActiveCfg = Release|Any CPU
		{AF136B51-79DD-4D73-A953-C6D698455DAC}.Release|x64.Build.0 = Release|Any CPU
		{AF136B51-79DD-4D73-A953-C6D698455DAC}.Release|x86.ActiveCfg = Release|Any CPU
		{AF136B51-79DD-4D73-A953-C6D698455DAC}.Release|x86.Build.0 = Release|Any CPU
		{BEDBA6B5-CC9D-4FA8-8841-E99FD4807062}.Debug|Any CPU.ActiveCfg = Debug|Any CPU
		{BEDBA6B5-CC9D-4FA8-8841-E99FD4807062}.Debug|Any CPU.Build.0 = Debug|Any CPU
		{BEDBA6B5-CC9D-4FA8-8841-E99FD4807062}.Debug|x64.ActiveCfg = Debug|Any CPU
		{BEDBA6B5-CC9D-4FA8-8841-E99FD4807062}.Debug|x64.Build.0 = Debug|Any CPU
		{BEDBA6B5-CC9D-4FA8-8841-E99FD4807062}.Debug|x86.ActiveCfg = Debug|Any CPU
		{BEDBA6B5-CC9D-4FA8-8841-E99FD4807062}.Debug|x86.Build.0 = Debug|Any CPU
		{BEDBA6B5-CC9D-4FA8-8841-E99FD4807062}.Release|Any CPU.ActiveCfg = Release|Any CPU
		{BEDBA6B5-CC9D-4FA8-8841-E99FD4807062}.Release|Any CPU.Build.0 = Release|Any CPU
		{BEDBA6B5-CC9D-4FA8-8841-E99FD4807062}.Release|x64.ActiveCfg = Release|Any CPU
		{BEDBA6B5-CC9D-4FA8-8841-E99FD4807062}.Release|x64.Build.0 = Release|Any CPU
		{BEDBA6B5-CC9D-4FA8-8841-E99FD4807062}.Release|x86.ActiveCfg = Release|Any CPU
		{BEDBA6B5-CC9D-4FA8-8841-E99FD4807062}.Release|x86.Build.0 = Release|Any CPU
		{C4D3B846-2A34-4CAC-B458-B3EF84C1D2BB}.Debug|Any CPU.ActiveCfg = Debug|Any CPU
		{C4D3B846-2A34-4CAC-B458-B3EF84C1D2BB}.Debug|Any CPU.Build.0 = Debug|Any CPU
		{C4D3B846-2A34-4CAC-B458-B3EF84C1D2BB}.Debug|x64.ActiveCfg = Debug|Any CPU
		{C4D3B846-2A34-4CAC-B458-B3EF84C1D2BB}.Debug|x64.Build.0 = Debug|Any CPU
		{C4D3B846-2A34-4CAC-B458-B3EF84C1D2BB}.Debug|x86.ActiveCfg = Debug|Any CPU
		{C4D3B846-2A34-4CAC-B458-B3EF84C1D2BB}.Debug|x86.Build.0 = Debug|Any CPU
		{C4D3B846-2A34-4CAC-B458-B3EF84C1D2BB}.Release|Any CPU.ActiveCfg = Release|Any CPU
		{C4D3B846-2A34-4CAC-B458-B3EF84C1D2BB}.Release|Any CPU.Build.0 = Release|Any CPU
		{C4D3B846-2A34-4CAC-B458-B3EF84C1D2BB}.Release|x64.ActiveCfg = Release|Any CPU
		{C4D3B846-2A34-4CAC-B458-B3EF84C1D2BB}.Release|x64.Build.0 = Release|Any CPU
		{C4D3B846-2A34-4CAC-B458-B3EF84C1D2BB}.Release|x86.ActiveCfg = Release|Any CPU
		{C4D3B846-2A34-4CAC-B458-B3EF84C1D2BB}.Release|x86.Build.0 = Release|Any CPU
		{C5D7B43B-9B31-4AD1-B85B-83A5AB2ADC0B}.Debug|Any CPU.ActiveCfg = Debug|Any CPU
		{C5D7B43B-9B31-4AD1-B85B-83A5AB2ADC0B}.Debug|Any CPU.Build.0 = Debug|Any CPU
		{C5D7B43B-9B31-4AD1-B85B-83A5AB2ADC0B}.Debug|x64.ActiveCfg = Debug|Any CPU
		{C5D7B43B-9B31-4AD1-B85B-83A5AB2ADC0B}.Debug|x64.Build.0 = Debug|Any CPU
		{C5D7B43B-9B31-4AD1-B85B-83A5AB2ADC0B}.Debug|x86.ActiveCfg = Debug|Any CPU
		{C5D7B43B-9B31-4AD1-B85B-83A5AB2ADC0B}.Debug|x86.Build.0 = Debug|Any CPU
		{C5D7B43B-9B31-4AD1-B85B-83A5AB2ADC0B}.Release|Any CPU.ActiveCfg = Release|Any CPU
		{C5D7B43B-9B31-4AD1-B85B-83A5AB2ADC0B}.Release|Any CPU.Build.0 = Release|Any CPU
		{C5D7B43B-9B31-4AD1-B85B-83A5AB2ADC0B}.Release|x64.ActiveCfg = Release|Any CPU
		{C5D7B43B-9B31-4AD1-B85B-83A5AB2ADC0B}.Release|x64.Build.0 = Release|Any CPU
		{C5D7B43B-9B31-4AD1-B85B-83A5AB2ADC0B}.Release|x86.ActiveCfg = Release|Any CPU
		{C5D7B43B-9B31-4AD1-B85B-83A5AB2ADC0B}.Release|x86.Build.0 = Release|Any CPU
	EndGlobalSection
EndGlobal
